
Microsoft Visual Studio Solution File, Format Version 12.00
# Visual Studio 15
VisualStudioVersion = 15.0.25807.0
MinimumVisualStudioVersion = 10.0.40219.1
Project("{2150E333-8FDC-42A3-9474-1A3956D46DE8}") = "Engine", "Engine", "{F15AD09C-8C33-4A3A-AC3E-6C0F167795A7}"
EndProject
Project("{2150E333-8FDC-42A3-9474-1A3956D46DE8}") = "Games", "Games", "{87BEEAEB-987F-4624-85AE-2138E507BA1B}"
EndProject
Project("{8BC9CEB8-8B4A-11D0-8D11-00A0C91BC942}") = "UE4", "Intermediate\ProjectFiles\UE4.vcxproj", "{2E2CFA25-9E7C-4E1F-A53A-273862C8DDA9}"
EndProject
Project("{8BC9CEB8-8B4A-11D0-8D11-00A0C91BC942}") = "BuildingEscape", "Intermediate\ProjectFiles\BuildingEscape.vcxproj", "{96A19D1F-B84D-4837-9DDF-590075F5F014}"
EndProject
Global
	GlobalSection(SolutionConfigurationPlatforms) = preSolution
		DebugGame Editor|HTML5 = DebugGame Editor|HTML5
		DebugGame Editor|Win32 = DebugGame Editor|Win32
		DebugGame Editor|Win64 = DebugGame Editor|Win64
		DebugGame|HTML5 = DebugGame|HTML5
		DebugGame|Win32 = DebugGame|Win32
		DebugGame|Win64 = DebugGame|Win64
		Development Editor|HTML5 = Development Editor|HTML5
		Development Editor|Win32 = Development Editor|Win32
		Development Editor|Win64 = Development Editor|Win64
		Development|HTML5 = Development|HTML5
		Development|Win32 = Development|Win32
		Development|Win64 = Development|Win64
		Shipping|HTML5 = Shipping|HTML5
		Shipping|Win32 = Shipping|Win32
		Shipping|Win64 = Shipping|Win64
	EndGlobalSection
	GlobalSection(ProjectConfigurationPlatforms) = postSolution
		{96A19D1F-B84D-4837-9DDF-590075F5F014}.DebugGame Editor|HTML5.ActiveCfg = HTML5_DebugGame_Editor|Win32
		{96A19D1F-B84D-4837-9DDF-590075F5F014}.DebugGame Editor|Win32.ActiveCfg = DebugGame_Editor|Win32
		{96A19D1F-B84D-4837-9DDF-590075F5F014}.DebugGame Editor|Win64.ActiveCfg = DebugGame_Editor|x64
		{96A19D1F-B84D-4837-9DDF-590075F5F014}.DebugGame Editor|Win64.Build.0 = DebugGame_Editor|x64
		{96A19D1F-B84D-4837-9DDF-590075F5F014}.DebugGame|HTML5.ActiveCfg = HTML5_DebugGame_Game|Win32
		{96A19D1F-B84D-4837-9DDF-590075F5F014}.DebugGame|HTML5.Build.0 = HTML5_DebugGame_Game|Win32
		{96A19D1F-B84D-4837-9DDF-590075F5F014}.DebugGame|Win32.ActiveCfg = DebugGame_Game|Win32
		{96A19D1F-B84D-4837-9DDF-590075F5F014}.DebugGame|Win32.Build.0 = DebugGame_Game|Win32
		{96A19D1F-B84D-4837-9DDF-590075F5F014}.DebugGame|Win64.ActiveCfg = DebugGame_Game|x64
		{96A19D1F-B84D-4837-9DDF-590075F5F014}.DebugGame|Win64.Build.0 = DebugGame_Game|x64
		{96A19D1F-B84D-4837-9DDF-590075F5F014}.Development Editor|HTML5.ActiveCfg = HTML5_Development_Editor|Win32
		{96A19D1F-B84D-4837-9DDF-590075F5F014}.Development Editor|Win32.ActiveCfg = Development_Editor|Win32
		{96A19D1F-B84D-4837-9DDF-590075F5F014}.Development Editor|Win64.ActiveCfg = Development_Editor|x64
		{96A19D1F-B84D-4837-9DDF-590075F5F014}.Development Editor|Win64.Build.0 = Development_Editor|x64
		{96A19D1F-B84D-4837-9DDF-590075F5F014}.Development|HTML5.ActiveCfg = HTML5_Development_Game|Win32
		{96A19D1F-B84D-4837-9DDF-590075F5F014}.Development|HTML5.Build.0 = HTML5_Development_Game|Win32
		{96A19D1F-B84D-4837-9DDF-590075F5F014}.Development|Win32.ActiveCfg = Development_Game|Win32
		{96A19D1F-B84D-4837-9DDF-590075F5F014}.Development|Win32.Build.0 = Development_Game|Win32
		{96A19D1F-B84D-4837-9DDF-590075F5F014}.Development|Win64.ActiveCfg = Development_Game|x64
		{96A19D1F-B84D-4837-9DDF-590075F5F014}.Development|Win64.Build.0 = Development_Game|x64
		{96A19D1F-B84D-4837-9DDF-590075F5F014}.Shipping|HTML5.ActiveCfg = HTML5_Shipping_Game|Win32
		{96A19D1F-B84D-4837-9DDF-590075F5F014}.Shipping|HTML5.Build.0 = HTML5_Shipping_Game|Win32
		{96A19D1F-B84D-4837-9DDF-590075F5F014}.Shipping|Win32.ActiveCfg = Shipping_Game|Win32
		{96A19D1F-B84D-4837-9DDF-590075F5F014}.Shipping|Win32.Build.0 = Shipping_Game|Win32
		{96A19D1F-B84D-4837-9DDF-590075F5F014}.Shipping|Win64.ActiveCfg = Shipping_Game|x64
		{96A19D1F-B84D-4837-9DDF-590075F5F014}.Shipping|Win64.Build.0 = Shipping_Game|x64
	EndGlobalSection
	GlobalSection(SolutionProperties) = preSolution
		HideSolutionNode = FALSE
	EndGlobalSection
	GlobalSection(NestedProjects) = preSolution
		{2E2CFA25-9E7C-4E1F-A53A-273862C8DDA9} = {F15AD09C-8C33-4A3A-AC3E-6C0F167795A7}
		{96A19D1F-B84D-4837-9DDF-590075F5F014} = {87BEEAEB-987F-4624-85AE-2138E507BA1B}
	EndGlobalSection
EndGlobal
